
Microsoft Visual Studio Solution File, Format Version 12.00
# Visual Studio 15
VisualStudioVersion = 15.0.28010.2016
MinimumVisualStudioVersion = 10.0.40219.1
Project("{FAE04EC0-301F-11D3-BF4B-00C04F79EFBC}") = "PazzoProject_01", "PazzoProject_01\PazzoProject_01.csproj", "{B45CEAA0-5CC3-41FD-8EDA-B8AAA1AED5BD}"
EndProject
Project("{FAE04EC0-301F-11D3-BF4B-00C04F79EFBC}") = "DBModel", "DBModel\DBModel.csproj", "{4D9DE985-F615-4D4B-AC25-AD4927A66C00}"
EndProject
Project("{FAE04EC0-301F-11D3-BF4B-00C04F79EFBC}") = "DBRepostitory", "DBRepostitory\DBRepostitory.csproj", "{804766DF-619F-4BD3-B2E0-AC25D56207C8}"
EndProject
Global
	GlobalSection(SolutionConfigurationPlatforms) = preSolution
		Debug|Any CPU = Debug|Any CPU
		Release|Any CPU = Release|Any CPU
	EndGlobalSection
	GlobalSection(ProjectConfigurationPlatforms) = postSolution
		{B45CEAA0-5CC3-41FD-8EDA-B8AAA1AED5BD}.Debug|Any CPU.ActiveCfg = Debug|Any CPU
		{B45CEAA0-5CC3-41FD-8EDA-B8AAA1AED5BD}.Debug|Any CPU.Build.0 = Debug|Any CPU
		{B45CEAA0-5CC3-41FD-8EDA-B8AAA1AED5BD}.Release|Any CPU.ActiveCfg = Release|Any CPU
		{B45CEAA0-5CC3-41FD-8EDA-B8AAA1AED5BD}.Release|Any CPU.Build.0 = Release|Any CPU
		{4D9DE985-F615-4D4B-AC25-AD4927A66C00}.Debug|Any CPU.ActiveCfg = Debug|Any CPU
		{4D9DE985-F615-4D4B-AC25-AD4927A66C00}.Debug|Any CPU.Build.0 = Debug|Any CPU
		{4D9DE985-F615-4D4B-AC25-AD4927A66C00}.Release|Any CPU.ActiveCfg = Release|Any CPU
		{4D9DE985-F615-4D4B-AC25-AD4927A66C00}.Release|Any CPU.Build.0 = Release|Any CPU
		{804766DF-619F-4BD3-B2E0-AC25D56207C8}.Debug|Any CPU.ActiveCfg = Debug|Any CPU
		{804766DF-619F-4BD3-B2E0-AC25D56207C8}.Debug|Any CPU.Build.0 = Debug|Any CPU
		{804766DF-619F-4BD3-B2E0-AC25D56207C8}.Release|Any CPU.ActiveCfg = Release|Any CPU
		{804766DF-619F-4BD3-B2E0-AC25D56207C8}.Release|Any CPU.Build.0 = Release|Any CPU
	EndGlobalSection
	GlobalSection(SolutionProperties) = preSolution
		HideSolutionNode = FALSE
	EndGlobalSection
	GlobalSection(ExtensibilityGlobals) = postSolution
		SolutionGuid = {95D893A7-1094-4760-AE3B-086F943F202D}
	EndGlobalSection
EndGlobal
